// !$*UTF8*$!
{
	archiveVersion = 1;
	classes = {
	};
	objectVersion = 50;
	objects = {

/* Begin PBXBuildFile section */
		2C71455620EF082B00735394 /* KVCViewController.m in Sources */ = {isa = PBXBuildFile; fileRef = 2C71455520EF082B00735394 /* KVCViewController.m */; };
		2C71455920EF13C800735394 /* kvcObject.m in Sources */ = {isa = PBXBuildFile; fileRef = 2C71455820EF13C800735394 /* kvcObject.m */; };
		2C71455C20EF88B100735394 /* dispatchSourceViewController.m in Sources */ = {isa = PBXBuildFile; fileRef = 2C71455B20EF88B100735394 /* dispatchSourceViewController.m */; };
		2CCA424D20EBA8E3001980B9 /* TestIntance.m in Sources */ = {isa = PBXBuildFile; fileRef = 2CCA424C20EBA8E3001980B9 /* TestIntance.m */; };
		2CCA425220ECDDFC001980B9 /* OperationViewController.m in Sources */ = {isa = PBXBuildFile; fileRef = 2CCA425120ECDDFC001980B9 /* OperationViewController.m */; };
		2CCE50E820E7870A000921C6 /* AppDelegate.m in Sources */ = {isa = PBXBuildFile; fileRef = 2CCE50E720E7870A000921C6 /* AppDelegate.m */; };
		2CCE50EB20E7870A000921C6 /* ViewController.m in Sources */ = {isa = PBXBuildFile; fileRef = 2CCE50EA20E7870A000921C6 /* ViewController.m */; };
		2CCE50EE20E7870A000921C6 /* Main.storyboard in Resources */ = {isa = PBXBuildFile; fileRef = 2CCE50EC20E7870A000921C6 /* Main.storyboard */; };
		2CCE50F020E7870E000921C6 /* Assets.xcassets in Resources */ = {isa = PBXBuildFile; fileRef = 2CCE50EF20E7870E000921C6 /* Assets.xcassets */; };
		2CCE50F320E7870E000921C6 /* LaunchScreen.storyboard in Resources */ = {isa = PBXBuildFile; fileRef = 2CCE50F120E7870E000921C6 /* LaunchScreen.storyboard */; };
		2CCE50F620E7870E000921C6 /* main.m in Sources */ = {isa = PBXBuildFile; fileRef = 2CCE50F520E7870E000921C6 /* main.m */; };
/* End PBXBuildFile section */

/* Begin PBXFileReference section */
		2C71455420EF082B00735394 /* KVCViewController.h */ = {isa = PBXFileReference; lastKnownFileType = sourcecode.c.h; path = KVCViewController.h; sourceTree = "<group>"; };
		2C71455520EF082B00735394 /* KVCViewController.m */ = {isa = PBXFileReference; lastKnownFileType = sourcecode.c.objc; path = KVCViewController.m; sourceTree = "<group>"; };
		2C71455720EF13C800735394 /* kvcObject.h */ = {isa = PBXFileReference; lastKnownFileType = sourcecode.c.h; path = kvcObject.h; sourceTree = "<group>"; };
		2C71455820EF13C800735394 /* kvcObject.m */ = {isa = PBXFileReference; lastKnownFileType = sourcecode.c.objc; path = kvcObject.m; sourceTree = "<group>"; };
		2C71455A20EF88B100735394 /* dispatchSourceViewController.h */ = {isa = PBXFileReference; lastKnownFileType = sourcecode.c.h; path = dispatchSourceViewController.h; sourceTree = "<group>"; };
		2C71455B20EF88B100735394 /* dispatchSourceViewController.m */ = {isa = PBXFileReference; lastKnownFileType = sourcecode.c.objc; path = dispatchSourceViewController.m; sourceTree = "<group>"; };
		2CCA424B20EBA8E3001980B9 /* TestIntance.h */ = {isa = PBXFileReference; lastKnownFileType = sourcecode.c.h; path = TestIntance.h; sourceTree = "<group>"; };
		2CCA424C20EBA8E3001980B9 /* TestIntance.m */ = {isa = PBXFileReference; lastKnownFileType = sourcecode.c.objc; path = TestIntance.m; sourceTree = "<group>"; };
		2CCA425020ECDDFC001980B9 /* OperationViewController.h */ = {isa = PBXFileReference; lastKnownFileType = sourcecode.c.h; path = OperationViewController.h; sourceTree = "<group>"; };
		2CCA425120ECDDFC001980B9 /* OperationViewController.m */ = {isa = PBXFileReference; lastKnownFileType = sourcecode.c.objc; path = OperationViewController.m; sourceTree = "<group>"; };
		2CCE50E320E7870A000921C6 /* testdispatch.app */ = {isa = PBXFileReference; explicitFileType = wrapper.application; includeInIndex = 0; path = testdispatch.app; sourceTree = BUILT_PRODUCTS_DIR; };
		2CCE50E620E7870A000921C6 /* AppDelegate.h */ = {isa = PBXFileReference; lastKnownFileType = sourcecode.c.h; path = AppDelegate.h; sourceTree = "<group>"; };
		2CCE50E720E7870A000921C6 /* AppDelegate.m */ = {isa = PBXFileReference; lastKnownFileType = sourcecode.c.objc; path = AppDelegate.m; sourceTree = "<group>"; };
		2CCE50E920E7870A000921C6 /* ViewController.h */ = {isa = PBXFileReference; lastKnownFileType = sourcecode.c.h; path = ViewController.h; sourceTree = "<group>"; };
		2CCE50EA20E7870A000921C6 /* ViewController.m */ = {isa = PBXFileReference; lastKnownFileType = sourcecode.c.objc; path = ViewController.m; sourceTree = "<group>"; };
		2CCE50ED20E7870A000921C6 /* Base */ = {isa = PBXFileReference; lastKnownFileType = file.storyboard; name = Base; path = Base.lproj/Main.storyboard; sourceTree = "<group>"; };
		2CCE50EF20E7870E000921C6 /* Assets.xcassets */ = {isa = PBXFileReference; lastKnownFileType = folder.assetcatalog; path = Assets.xcassets; sourceTree = "<group>"; };
		2CCE50F220E7870E000921C6 /* Base */ = {isa = PBXFileReference; lastKnownFileType = file.storyboard; name = Base; path = Base.lproj/LaunchScreen.storyboard; sourceTree = "<group>"; };
		2CCE50F420E7870E000921C6 /* Info.plist */ = {isa = PBXFileReference; lastKnownFileType = text.plist.xml; path = Info.plist; sourceTree = "<group>"; };
		2CCE50F520E7870E000921C6 /* main.m */ = {isa = PBXFileReference; lastKnownFileType = sourcecode.c.objc; path = main.m; sourceTree = "<group>"; };
/* End PBXFileReference section */

/* Begin PBXFrameworksBuildPhase section */
		2CCE50E020E7870A000921C6 /* Frameworks */ = {
			isa = PBXFrameworksBuildPhase;
			buildActionMask = 2147483647;
			files = (
			);
			runOnlyForDeploymentPostprocessing = 0;
		};
/* End PBXFrameworksBuildPhase section */

/* Begin PBXGroup section */
		2CCE50DA20E7870A000921C6 = {
			isa = PBXGroup;
			children = (
				2CCE50E520E7870A000921C6 /* testdispatch */,
				2CCE50E420E7870A000921C6 /* Products */,
			);
			sourceTree = "<group>";
		};
		2CCE50E420E7870A000921C6 /* Products */ = {
			isa = PBXGroup;
			children = (
				2CCE50E320E7870A000921C6 /* testdispatch.app */,
			);
			name = Products;
			sourceTree = "<group>";
		};
		2CCE50E520E7870A000921C6 /* testdispatch */ = {
			isa = PBXGroup;
			children = (
				2CCE50E620E7870A000921C6 /* AppDelegate.h */,
				2CCE50E720E7870A000921C6 /* AppDelegate.m */,
				2CCE50E920E7870A000921C6 /* ViewController.h */,
				2CCE50EA20E7870A000921C6 /* ViewController.m */,
				2CCE50EC20E7870A000921C6 /* Main.storyboard */,
				2CCE50EF20E7870E000921C6 /* Assets.xcassets */,
				2CCE50F120E7870E000921C6 /* LaunchScreen.storyboard */,
				2CCE50F420E7870E000921C6 /* Info.plist */,
				2CCE50F520E7870E000921C6 /* main.m */,
				2CCA424B20EBA8E3001980B9 /* TestIntance.h */,
				2CCA424C20EBA8E3001980B9 /* TestIntance.m */,
				2CCA425020ECDDFC001980B9 /* OperationViewController.h */,
				2CCA425120ECDDFC001980B9 /* OperationViewController.m */,
				2C71455420EF082B00735394 /* KVCViewController.h */,
				2C71455520EF082B00735394 /* KVCViewController.m */,
				2C71455720EF13C800735394 /* kvcObject.h */,
				2C71455820EF13C800735394 /* kvcObject.m */,
				2C71455A20EF88B100735394 /* dispatchSourceViewController.h */,
				2C71455B20EF88B100735394 /* dispatchSourceViewController.m */,
			);
			path = testdispatch;
			sourceTree = "<group>";
		};
/* End PBXGroup section */

/* Begin PBXNativeTarget section */
		2CCE50E220E7870A000921C6 /* testdispatch */ = {
			isa = PBXNativeTarget;
			buildConfigurationList = 2CCE50F920E7870E000921C6 /* Build configuration list for PBXNativeTarget "testdispatch" */;
			buildPhases = (
				2CCE50DF20E7870A000921C6 /* Sources */,
				2CCE50E020E7870A000921C6 /* Frameworks */,
				2CCE50E120E7870A000921C6 /* Resources */,
			);
			buildRules = (
			);
			dependencies = (
			);
			name = testdispatch;
			productName = testdispatch;
			productReference = 2CCE50E320E7870A000921C6 /* testdispatch.app */;
			productType = "com.apple.product-type.application";
		};
/* End PBXNativeTarget section */

/* Begin PBXProject section */
		2CCE50DB20E7870A000921C6 /* Project object */ = {
			isa = PBXProject;
			attributes = {
				LastUpgradeCheck = 0940;
				ORGANIZATIONNAME = yellfun;
				TargetAttributes = {
					2CCE50E220E7870A000921C6 = {
						CreatedOnToolsVersion = 9.4;
					};
				};
			};
			buildConfigurationList = 2CCE50DE20E7870A000921C6 /* Build configuration list for PBXProject "testdispatch" */;
			compatibilityVersion = "Xcode 9.3";
			developmentRegion = en;
			hasScannedForEncodings = 0;
			knownRegions = (
				en,
				Base,
			);
			mainGroup = 2CCE50DA20E7870A000921C6;
			productRefGroup = 2CCE50E420E7870A000921C6 /* Products */;
			projectDirPath = "";
			projectRoot = "";
			targets = (
				2CCE50E220E7870A000921C6 /* testdispatch */,
			);
		};
/* End PBXProject section */

/* Begin PBXResourcesBuildPhase section */
		2CCE50E120E7870A000921C6 /* Resources */ = {
			isa = PBXResourcesBuildPhase;
			buildActionMask = 2147483647;
			files = (
				2CCE50F320E7870E000921C6 /* LaunchScreen.storyboard in Resources */,
				2CCE50F020E7870E000921C6 /* Assets.xcassets in Resources */,
				2CCE50EE20E7870A000921C6 /* Main.storyboard in Resources */,
			);
			runOnlyForDeploymentPostprocessing = 0;
		};
/* End PBXResourcesBuildPhase section */

/* Begin PBXSourcesBuildPhase section */
		2CCE50DF20E7870A000921C6 /* Sources */ = {
			isa = PBXSourcesBuildPhase;
			buildActionMask = 2147483647;
			files = (
				2CCE50EB20E7870A000921C6 /* ViewController.m in Sources */,
				2C71455C20EF88B100735394 /* dispatchSourceViewController.m in Sources */,
				2CCE50F620E7870E000921C6 /* main.m in Sources */,
				2CCA425220ECDDFC001980B9 /* OperationViewController.m in Sources */,
				2C71455620EF082B00735394 /* KVCViewController.m in Sources */,
				2CCA424D20EBA8E3001980B9 /* TestIntance.m in Sources */,
				2CCE50E820E7870A000921C6 /* AppDelegate.m in Sources */,
				2C71455920EF13C800735394 /* kvcObject.m in Sources */,
			);
			runOnlyForDeploymentPostprocessing = 0;
		};
/* End PBXSourcesBuildPhase section */

/* Begin PBXVariantGroup section */
		2CCE50EC20E7870A000921C6 /* Main.storyboard */ = {
			isa = PBXVariantGroup;
			children = (
				2CCE50ED20E7870A000921C6 /* Base */,
			);
			name = Main.storyboard;
			sourceTree = "<group>";
		};
		2CCE50F120E7870E000921C6 /* LaunchScreen.storyboard */ = {
			isa = PBXVariantGroup;
			children = (
				2CCE50F220E7870E000921C6 /* Base */,
			);
			name = LaunchScreen.storyboard;
			sourceTree = "<group>";
		};
/* End PBXVariantGroup section */

/* Begin XCBuildConfiguration section */
		2CCE50F720E7870E000921C6 /* Debug */ = {
			isa = XCBuildConfiguration;
			buildSettings = {
				ALWAYS_SEARCH_USER_PATHS = NO;
				CLANG_ANALYZER_NONNULL = YES;
				CLANG_ANALYZER_NUMBER_OBJECT_CONVERSION = YES_AGGRESSIVE;
				CLANG_CXX_LANGUAGE_STANDARD = "gnu++14";
				CLANG_CXX_LIBRARY = "libc++";
				CLANG_ENABLE_MODULES = YES;
				CLANG_ENABLE_OBJC_ARC = YES;
				CLANG_ENABLE_OBJC_WEAK = YES;
				CLANG_WARN_BLOCK_CAPTURE_AUTORELEASING = YES;
				CLANG_WARN_BOOL_CONVERSION = YES;
				CLANG_WARN_COMMA = YES;
				CLANG_WARN_CONSTANT_CONVERSION = YES;
				CLANG_WARN_DEPRECATED_OBJC_IMPLEMENTATIONS = YES;
				CLANG_WARN_DIRECT_OBJC_ISA_USAGE = YES_ERROR;
				CLANG_WARN_DOCUMENTATION_COMMENTS = YES;
				CLANG_WARN_EMPTY_BODY = YES;
				CLANG_WARN_ENUM_CONVERSION = YES;
				CLANG_WARN_INFINITE_RECURSION = YES;
				CLANG_WARN_INT_CONVERSION = YES;
				CLANG_WARN_NON_LITERAL_NULL_CONVERSION = YES;
				CLANG_WARN_OBJC_IMPLICIT_RETAIN_SELF = YES;
				CLANG_WARN_OBJC_LITERAL_CONVERSION = YES;
				CLANG_WARN_OBJC_ROOT_CLASS = YES_ERROR;
				CLANG_WARN_RANGE_LOOP_ANALYSIS = YES;
				CLANG_WARN_STRICT_PROTOTYPES = YES;
				CLANG_WARN_SUSPICIOUS_MOVE = YES;
				CLANG_WARN_UNGUARDED_AVAILABILITY = YES_AGGRESSIVE;
				CLANG_WARN_UNREACHABLE_CODE = YES;
				CLANG_WARN__DUPLICATE_METHOD_MATCH = YES;
				CODE_SIGN_IDENTITY = "iPhone Developer";
				COPY_PHASE_STRIP = NO;
				DEBUG_INFORMATION_FORMAT = dwarf;
				ENABLE_STRICT_OBJC_MSGSEND = YES;
				ENABLE_TESTABILITY = YES;
				GCC_C_LANGUAGE_STANDARD = gnu11;
				GCC_DYNAMIC_NO_PIC = NO;
				GCC_NO_COMMON_BLOCKS = YES;
				GCC_OPTIMIZATION_LEVEL = 0;
				GCC_PREPROCESSOR_DEFINITIONS = (
					"DEBUG=1",
					"$(inherited)",
				);
				GCC_WARN_64_TO_32_BIT_CONVERSION = YES;
				GCC_WARN_ABOUT_RETURN_TYPE = YES_ERROR;
				GCC_WARN_UNDECLARED_SELECTOR = YES;
				GCC_WARN_UNINITIALIZED_AUTOS = YES_AGGRESSIVE;
				GCC_WARN_UNUSED_FUNCTION = YES;
				GCC_WARN_UNUSED_VARIABLE = YES;
				IPHONEOS_DEPLOYMENT_TARGET = 11.4;
				MTL_ENABLE_DEBUG_INFO = YES;
				ONLY_ACTIVE_ARCH = YES;
				SDKROOT = iphoneos;
			};
			name = Debug;
		};
		2CCE50F820E7870E000921C6 /* Release */ = {
			isa = XCBuildConfiguration;
			buildSettings = {
				ALWAYS_SEARCH_USER_PATHS = NO;
				CLANG_ANALYZER_NONNULL = YES;
				CLANG_ANALYZER_NUMBER_OBJECT_CONVERSION = YES_AGGRESSIVE;
				CLANG_CXX_LANGUAGE_STANDARD = "gnu++14";
				CLANG_CXX_LIBRARY = "libc++";
				CLANG_ENABLE_MODULES = YES;
				CLANG_ENABLE_OBJC_ARC = YES;
				CLANG_ENABLE_OBJC_WEAK = YES;
				CLANG_WARN_BLOCK_CAPTURE_AUTORELEASING = YES;
				CLANG_WARN_BOOL_CONVERSION = YES;
				CLANG_WARN_COMMA = YES;
				CLANG_WARN_CONSTANT_CONVERSION = YES;
				CLANG_WARN_DEPRECATED_OBJC_IMPLEMENTATIONS = YES;
				CLANG_WARN_DIRECT_OBJC_ISA_USAGE = YES_ERROR;
				CLANG_WARN_DOCUMENTATION_COMMENTS = YES;
				CLANG_WARN_EMPTY_BODY = YES;
				CLANG_WARN_ENUM_CONVERSION = YES;
				CLANG_WARN_INFINITE_RECURSION = YES;
				CLANG_WARN_INT_CONVERSION = YES;
				CLANG_WARN_NON_LITERAL_NULL_CONVERSION = YES;
				CLANG_WARN_OBJC_IMPLICIT_RETAIN_SELF = YES;
				CLANG_WARN_OBJC_LITERAL_CONVERSION = YES;
				CLANG_WARN_OBJC_ROOT_CLASS = YES_ERROR;
				CLANG_WARN_RANGE_LOOP_ANALYSIS = YES;
				CLANG_WARN_STRICT_PROTOTYPES = YES;
				CLANG_WARN_SUSPICIOUS_MOVE = YES;
				CLANG_WARN_UNGUARDED_AVAILABILITY = YES_AGGRESSIVE;
				CLANG_WARN_UNREACHABLE_CODE = YES;
				CLANG_WARN__DUPLICATE_METHOD_MATCH = YES;
				CODE_SIGN_IDENTITY = "iPhone Developer";
				COPY_PHASE_STRIP = NO;
				DEBUG_INFORMATION_FORMAT = "dwarf-with-dsym";
				ENABLE_NS_ASSERTIONS = NO;
				ENABLE_STRICT_OBJC_MSGSEND = YES;
				GCC_C_LANGUAGE_STANDARD = gnu11;
				GCC_NO_COMMON_BLOCKS = YES;
				GCC_WARN_64_TO_32_BIT_CONVERSION = YES;
				GCC_WARN_ABOUT_RETURN_TYPE = YES_ERROR;
				GCC_WARN_UNDECLARED_SELECTOR = YES;
				GCC_WARN_UNINITIALIZED_AUTOS = YES_AGGRESSIVE;
				GCC_WARN_UNUSED_FUNCTION = YES;
				GCC_WARN_UNUSED_VARIABLE = YES;
				IPHONEOS_DEPLOYMENT_TARGET = 11.4;
				MTL_ENABLE_DEBUG_INFO = NO;
				SDKROOT = iphoneos;
				VALIDATE_PRODUCT = YES;
			};
			name = Release;
		};
		2CCE50FA20E7870E000921C6 /* Debug */ = {
			isa = XCBuildConfiguration;
			buildSettings = {
				ASSETCATALOG_COMPILER_APPICON_NAME = AppIcon;
				CODE_SIGN_STYLE = Automatic;
				DEVELOPMENT_TEAM = 6T39E5QM8Q;
				INFOPLIST_FILE = testdispatch/Info.plist;
				LD_RUNPATH_SEARCH_PATHS = (
					"$(inherited)",
					"@executable_path/Frameworks",
				);
				PRODUCT_BUNDLE_IDENTIFIER = com.yellfun.testdispatch;
				PRODUCT_NAME = "$(TARGET_NAME)";
				TARGETED_DEVICE_FAMILY = "1,2";
			};
			name = Debug;
		};
		2CCE50FB20E7870E000921C6 /* Release */ = {
			isa = XCBuildConfiguration;
			buildSettings = {
				ASSETCATALOG_COMPILER_APPICON_NAME = AppIcon;
				CODE_SIGN_STYLE = Automatic;
				DEVELOPMENT_TEAM = 6T39E5QM8Q;
				INFOPLIST_FILE = testdispatch/Info.plist;
				LD_RUNPATH_SEARCH_PATHS = (
					"$(inherited)",
					"@executable_path/Frameworks",
				);
				PRODUCT_BUNDLE_IDENTIFIER = com.yellfun.testdispatch;
				PRODUCT_NAME = "$(TARGET_NAME)";
				TARGETED_DEVICE_FAMILY = "1,2";
			};
			name = Release;
		};
/* End XCBuildConfiguration section */

/* Begin XCConfigurationList section */
		2CCE50DE20E7870A000921C6 /* Build configuration list for PBXProject "testdispatch" */ = {
			isa = XCConfigurationList;
			buildConfigurations = (
				2CCE50F720E7870E000921C6 /* Debug */,
				2CCE50F820E7870E000921C6 /* Release */,
			);
			defaultConfigurationIsVisible = 0;
			defaultConfigurationName = Release;
		};
		2CCE50F920E7870E000921C6 /* Build configuration list for PBXNativeTarget "testdispatch" */ = {
			isa = XCConfigurationList;
			buildConfigurations = (
				2CCE50FA20E7870E000921C6 /* Debug */,
				2CCE50FB20E7870E000921C6 /* Release */,
			);
			defaultConfigurationIsVisible = 0;
			defaultConfigurationName = Release;
		};
/* End XCConfigurationList section */
	};
	rootObject = 2CCE50DB20E7870A000921C6 /* Project object */;
}
